
Microsoft Visual Studio Solution File, Format Version 12.00
# Visual Studio Version 17
VisualStudioVersion = 17.5.33530.505
MinimumVisualStudioVersion = 10.0.40219.1
Project("{F184B08F-C81C-45F6-A57F-5ABD9991F28F}") = "inventeriesForm", "inventeriesForm\inventeriesForm.vbproj", "{2A979173-23CB-4AD3-971E-46043E3AA231}"
EndProject
Global
	GlobalSection(SolutionConfigurationPlatforms) = preSolution
		Debug|Any CPU = Debug|Any CPU
		Release|Any CPU = Release|Any CPU
	EndGlobalSection
	GlobalSection(ProjectConfigurationPlatforms) = postSolution
		{2A979173-23CB-4AD3-971E-46043E3AA231}.Debug|Any CPU.ActiveCfg = Debug|Any CPU
		{2A979173-23CB-4AD3-971E-46043E3AA231}.Debug|Any CPU.Build.0 = Debug|Any CPU
		{2A979173-23CB-4AD3-971E-46043E3AA231}.Release|Any CPU.ActiveCfg = Release|Any CPU
		{2A979173-23CB-4AD3-971E-46043E3AA231}.Release|Any CPU.Build.0 = Release|Any CPU
	EndGlobalSection
	GlobalSection(SolutionProperties) = preSolution
		HideSolutionNode = FALSE
	EndGlobalSection
	GlobalSection(ExtensibilityGlobals) = postSolution
		SolutionGuid = {567353D0-D9CB-43A4-A73C-AC2DE1DCD1BD}
	EndGlobalSection
EndGlobal
